
Microsoft Visual Studio Solution File, Format Version 12.00
# Visual Studio Version 17
VisualStudioVersion = 17.0.32014.148
MinimumVisualStudioVersion = 10.0.40219.1
Project("{2150E333-8FDC-42A3-9474-1A3956D46DE8}") = "src", "src", "{4034F338-F481-4AEB-8B58-C15C98BB232D}"
EndProject
Project("{2150E333-8FDC-42A3-9474-1A3956D46DE8}") = "app", "app", "{57F716B9-01AA-405E-8077-AD6593FAE8D9}"
EndProject
Project("{9A19103F-16F7-4668-BE54-9A1E7A4F7556}") = "Cooperation.WebApp", "src\app\Cooperation.WebApp\Cooperation.WebApp.csproj", "{5A524828-9CD2-4ACC-8F3D-83BFFA543CB9}"
EndProject
Global
	GlobalSection(SolutionConfigurationPlatforms) = preSolution
		Debug|Any CPU = Debug|Any CPU
		Release|Any CPU = Release|Any CPU
	EndGlobalSection
	GlobalSection(ProjectConfigurationPlatforms) = postSolution
		{5A524828-9CD2-4ACC-8F3D-83BFFA543CB9}.Debug|Any CPU.ActiveCfg = Debug|Any CPU
		{5A524828-9CD2-4ACC-8F3D-83BFFA543CB9}.Debug|Any CPU.Build.0 = Debug|Any CPU
		{5A524828-9CD2-4ACC-8F3D-83BFFA543CB9}.Release|Any CPU.ActiveCfg = Release|Any CPU
		{5A524828-9CD2-4ACC-8F3D-83BFFA543CB9}.Release|Any CPU.Build.0 = Release|Any CPU
	EndGlobalSection
	GlobalSection(SolutionProperties) = preSolution
		HideSolutionNode = FALSE
	EndGlobalSection
	GlobalSection(NestedProjects) = preSolution
		{57F716B9-01AA-405E-8077-AD6593FAE8D9} = {4034F338-F481-4AEB-8B58-C15C98BB232D}
		{5A524828-9CD2-4ACC-8F3D-83BFFA543CB9} = {57F716B9-01AA-405E-8077-AD6593FAE8D9}
	EndGlobalSection
	GlobalSection(ExtensibilityGlobals) = postSolution
		SolutionGuid = {76D81EA9-E77D-462E-BE53-9196D9AAB58F}
	EndGlobalSection
EndGlobal
